// !$*UTF8*$!
{
	archiveVersion = 1;
	classes = {
	};
	objectVersion = 46;
	objects = {

/* Begin PBXBuildFile section */
		1E9452DAE139AF067317DEB1 /* Pods_MRCBaseLibrary_Tests.framework in Frameworks */ = {isa = PBXBuildFile; fileRef = D9F7760FBACC39AC94C2A7E2 /* Pods_MRCBaseLibrary_Tests.framework */; };
		607FACDD1AFB9204008FA782 /* Images.xcassets in Resources */ = {isa = PBXBuildFile; fileRef = 607FACDC1AFB9204008FA782 /* Images.xcassets */; };
		607FACE01AFB9204008FA782 /* LaunchScreen.xib in Resources */ = {isa = PBXBuildFile; fileRef = 607FACDE1AFB9204008FA782 /* LaunchScreen.xib */; };
		607FACEC1AFB9204008FA782 /* Tests.swift in Sources */ = {isa = PBXBuildFile; fileRef = 607FACEB1AFB9204008FA782 /* Tests.swift */; };
		7A01C1801EE7D3C1002442E6 /* AppDelegate.swift in Sources */ = {isa = PBXBuildFile; fileRef = 7A01C1761EE7D3C1002442E6 /* AppDelegate.swift */; };
		7A01C1811EE7D3C1002442E6 /* ViewController.swift in Sources */ = {isa = PBXBuildFile; fileRef = 7A01C1771EE7D3C1002442E6 /* ViewController.swift */; };
		7A01C1821EE7D3C1002442E6 /* MyViewModel.swift in Sources */ = {isa = PBXBuildFile; fileRef = 7A01C1781EE7D3C1002442E6 /* MyViewModel.swift */; };
		7A01C1831EE7D3C1002442E6 /* MRCBaseWebViewExtension.swift in Sources */ = {isa = PBXBuildFile; fileRef = 7A01C1791EE7D3C1002442E6 /* MRCBaseWebViewExtension.swift */; };
		7A01C1841EE7D3C1002442E6 /* WebViewController.swift in Sources */ = {isa = PBXBuildFile; fileRef = 7A01C17A1EE7D3C1002442E6 /* WebViewController.swift */; };
		7A01C1851EE7D3C1002442E6 /* TableViewController.swift in Sources */ = {isa = PBXBuildFile; fileRef = 7A01C17B1EE7D3C1002442E6 /* TableViewController.swift */; };
		7A01C1871EE7D3C1002442E6 /* TestTableViewCell.xib in Resources */ = {isa = PBXBuildFile; fileRef = 7A01C17D1EE7D3C1002442E6 /* TestTableViewCell.xib */; };
		7A01C1881EE7D3C1002442E6 /* MyViewController.swift in Sources */ = {isa = PBXBuildFile; fileRef = 7A01C17E1EE7D3C1002442E6 /* MyViewController.swift */; };
		7A01C1891EE7D3C1002442E6 /* MyViewController.xib in Resources */ = {isa = PBXBuildFile; fileRef = 7A01C17F1EE7D3C1002442E6 /* MyViewController.xib */; };
		7A01C18F1EE7F652002442E6 /* 750x480@2x.png in Resources */ = {isa = PBXBuildFile; fileRef = 7A01C18E1EE7F652002442E6 /* 750x480@2x.png */; };
		7A0B8EF61F15CF070044C7AA /* RecommendTableViewCell.swift in Sources */ = {isa = PBXBuildFile; fileRef = 7A0B8EF41F15CF070044C7AA /* RecommendTableViewCell.swift */; };
		7A0B8EF71F15CF070044C7AA /* RecommendTableViewCell.xib in Resources */ = {isa = PBXBuildFile; fileRef = 7A0B8EF51F15CF070044C7AA /* RecommendTableViewCell.xib */; };
		7A1391E41EE801BB006771DA /* TestTableViewCell.swift in Sources */ = {isa = PBXBuildFile; fileRef = 7A1391E31EE801BB006771DA /* TestTableViewCell.swift */; };
		7A1391E61EE801F4006771DA /* CodeTableViewCell.swift in Sources */ = {isa = PBXBuildFile; fileRef = 7A1391E51EE801F4006771DA /* CodeTableViewCell.swift */; };
		7ADA227E1EEFCA8300B5901A /* MediatorExtension.swift in Sources */ = {isa = PBXBuildFile; fileRef = 7ADA227D1EEFCA8300B5901A /* MediatorExtension.swift */; };
		7ADA22861EEFCF0B00B5901A /* LoginViewController.swift in Sources */ = {isa = PBXBuildFile; fileRef = 7ADA22841EEFCF0B00B5901A /* LoginViewController.swift */; };
		7ADA22871EEFCF0B00B5901A /* LoginViewController.xib in Resources */ = {isa = PBXBuildFile; fileRef = 7ADA22851EEFCF0B00B5901A /* LoginViewController.xib */; };
		7AF802AD1EFB7EB600BE8AAF /* HomePageViewController.swift in Sources */ = {isa = PBXBuildFile; fileRef = 7AF802AC1EFB7EB600BE8AAF /* HomePageViewController.swift */; };
		7AF802B01EFB8B4600BE8AAF /* ADViewController.swift in Sources */ = {isa = PBXBuildFile; fileRef = 7AF802AE1EFB8B4600BE8AAF /* ADViewController.swift */; };
		C6894FFE12980A360F5C2F34 /* Pods_MRCBaseLibrary_Example.framework in Frameworks */ = {isa = PBXBuildFile; fileRef = 4B8AFBAD5D384414FB94A1E2 /* Pods_MRCBaseLibrary_Example.framework */; };
/* End PBXBuildFile section */

/* Begin PBXContainerItemProxy section */
		607FACE61AFB9204008FA782 /* PBXContainerItemProxy */ = {
			isa = PBXContainerItemProxy;
			containerPortal = 607FACC81AFB9204008FA782 /* Project object */;
			proxyType = 1;
			remoteGlobalIDString = 607FACCF1AFB9204008FA782;
			remoteInfo = MRCBaseLibrary;
		};
/* End PBXContainerItemProxy section */

/* Begin PBXFileReference section */
		0BBB20B0DA33CDA2F4EA9D8A /* Pods-MRCBaseLibrary_Example.debug.xcconfig */ = {isa = PBXFileReference; includeInIndex = 1; lastKnownFileType = text.xcconfig; name = "Pods-MRCBaseLibrary_Example.debug.xcconfig"; path = "Pods/Target Support Files/Pods-MRCBaseLibrary_Example/Pods-MRCBaseLibrary_Example.debug.xcconfig"; sourceTree = "<group>"; };
		41871BEF0B67E78986308F2F /* MRCBaseLibrary.podspec */ = {isa = PBXFileReference; includeInIndex = 1; lastKnownFileType = text; name = MRCBaseLibrary.podspec; path = ../MRCBaseLibrary.podspec; sourceTree = "<group>"; };
		4B8AFBAD5D384414FB94A1E2 /* Pods_MRCBaseLibrary_Example.framework */ = {isa = PBXFileReference; explicitFileType = wrapper.framework; includeInIndex = 0; path = Pods_MRCBaseLibrary_Example.framework; sourceTree = BUILT_PRODUCTS_DIR; };
		607FACD01AFB9204008FA782 /* MRCBaseLibrary_Example.app */ = {isa = PBXFileReference; explicitFileType = wrapper.application; includeInIndex = 0; path = MRCBaseLibrary_Example.app; sourceTree = BUILT_PRODUCTS_DIR; };
		607FACD41AFB9204008FA782 /* Info.plist */ = {isa = PBXFileReference; lastKnownFileType = text.plist.xml; path = Info.plist; sourceTree = "<group>"; };
		607FACDC1AFB9204008FA782 /* Images.xcassets */ = {isa = PBXFileReference; lastKnownFileType = folder.assetcatalog; path = Images.xcassets; sourceTree = "<group>"; };
		607FACDF1AFB9204008FA782 /* Base */ = {isa = PBXFileReference; lastKnownFileType = file.xib; name = Base; path = Base.lproj/LaunchScreen.xib; sourceTree = "<group>"; };
		607FACE51AFB9204008FA782 /* MRCBaseLibrary_Tests.xctest */ = {isa = PBXFileReference; explicitFileType = wrapper.cfbundle; includeInIndex = 0; path = MRCBaseLibrary_Tests.xctest; sourceTree = BUILT_PRODUCTS_DIR; };
		607FACEA1AFB9204008FA782 /* Info.plist */ = {isa = PBXFileReference; lastKnownFileType = text.plist.xml; path = Info.plist; sourceTree = "<group>"; };
		607FACEB1AFB9204008FA782 /* Tests.swift */ = {isa = PBXFileReference; lastKnownFileType = sourcecode.swift; path = Tests.swift; sourceTree = "<group>"; };
		69460667ED4D9507AA3214B1 /* Pods-MRCBaseLibrary_Tests.release.xcconfig */ = {isa = PBXFileReference; includeInIndex = 1; lastKnownFileType = text.xcconfig; name = "Pods-MRCBaseLibrary_Tests.release.xcconfig"; path = "Pods/Target Support Files/Pods-MRCBaseLibrary_Tests/Pods-MRCBaseLibrary_Tests.release.xcconfig"; sourceTree = "<group>"; };
		7A01C1751EE7D3C0002442E6 /* MRCBaseLibrary_Example-Bridging-Header.h */ = {isa = PBXFileReference; lastKnownFileType = sourcecode.c.h; path = "MRCBaseLibrary_Example-Bridging-Header.h"; sourceTree = "<group>"; };
		7A01C1761EE7D3C1002442E6 /* AppDelegate.swift */ = {isa = PBXFileReference; fileEncoding = 4; lastKnownFileType = sourcecode.swift; path = AppDelegate.swift; sourceTree = "<group>"; };
		7A01C1771EE7D3C1002442E6 /* ViewController.swift */ = {isa = PBXFileReference; fileEncoding = 4; lastKnownFileType = sourcecode.swift; path = ViewController.swift; sourceTree = "<group>"; };
		7A01C1781EE7D3C1002442E6 /* MyViewModel.swift */ = {isa = PBXFileReference; fileEncoding = 4; lastKnownFileType = sourcecode.swift; path = MyViewModel.swift; sourceTree = "<group>"; };
		7A01C1791EE7D3C1002442E6 /* MRCBaseWebViewExtension.swift */ = {isa = PBXFileReference; fileEncoding = 4; lastKnownFileType = sourcecode.swift; path = MRCBaseWebViewExtension.swift; sourceTree = "<group>"; };
		7A01C17A1EE7D3C1002442E6 /* WebViewController.swift */ = {isa = PBXFileReference; fileEncoding = 4; lastKnownFileType = sourcecode.swift; path = WebViewController.swift; sourceTree = "<group>"; };
		7A01C17B1EE7D3C1002442E6 /* TableViewController.swift */ = {isa = PBXFileReference; fileEncoding = 4; lastKnownFileType = sourcecode.swift; path = TableViewController.swift; sourceTree = "<group>"; };
		7A01C17D1EE7D3C1002442E6 /* TestTableViewCell.xib */ = {isa = PBXFileReference; fileEncoding = 4; lastKnownFileType = file.xib; path = TestTableViewCell.xib; sourceTree = "<group>"; };
		7A01C17E1EE7D3C1002442E6 /* MyViewController.swift */ = {isa = PBXFileReference; fileEncoding = 4; lastKnownFileType = sourcecode.swift; path = MyViewController.swift; sourceTree = "<group>"; };
		7A01C17F1EE7D3C1002442E6 /* MyViewController.xib */ = {isa = PBXFileReference; fileEncoding = 4; lastKnownFileType = file.xib; path = MyViewController.xib; sourceTree = "<group>"; };
		7A01C18E1EE7F652002442E6 /* 750x480@2x.png */ = {isa = PBXFileReference; lastKnownFileType = image.png; path = "750x480@2x.png"; sourceTree = "<group>"; };
		7A0B8EF41F15CF070044C7AA /* RecommendTableViewCell.swift */ = {isa = PBXFileReference; fileEncoding = 4; lastKnownFileType = sourcecode.swift; path = RecommendTableViewCell.swift; sourceTree = "<group>"; };
		7A0B8EF51F15CF070044C7AA /* RecommendTableViewCell.xib */ = {isa = PBXFileReference; fileEncoding = 4; lastKnownFileType = file.xib; path = RecommendTableViewCell.xib; sourceTree = "<group>"; };
		7A1391E31EE801BB006771DA /* TestTableViewCell.swift */ = {isa = PBXFileReference; fileEncoding = 4; lastKnownFileType = sourcecode.swift; path = TestTableViewCell.swift; sourceTree = "<group>"; };
		7A1391E51EE801F4006771DA /* CodeTableViewCell.swift */ = {isa = PBXFileReference; fileEncoding = 4; lastKnownFileType = sourcecode.swift; path = CodeTableViewCell.swift; sourceTree = "<group>"; };
		7ADA227D1EEFCA8300B5901A /* MediatorExtension.swift */ = {isa = PBXFileReference; fileEncoding = 4; lastKnownFileType = sourcecode.swift; path = MediatorExtension.swift; sourceTree = "<group>"; };
		7ADA22841EEFCF0B00B5901A /* LoginViewController.swift */ = {isa = PBXFileReference; fileEncoding = 4; lastKnownFileType = sourcecode.swift; path = LoginViewController.swift; sourceTree = "<group>"; };
		7ADA22851EEFCF0B00B5901A /* LoginViewController.xib */ = {isa = PBXFileReference; fileEncoding = 4; lastKnownFileType = file.xib; path = LoginViewController.xib; sourceTree = "<group>"; };
		7AF802AC1EFB7EB600BE8AAF /* HomePageViewController.swift */ = {isa = PBXFileReference; fileEncoding = 4; lastKnownFileType = sourcecode.swift; path = HomePageViewController.swift; sourceTree = "<group>"; };
		7AF802AE1EFB8B4600BE8AAF /* ADViewController.swift */ = {isa = PBXFileReference; fileEncoding = 4; lastKnownFileType = sourcecode.swift; path = ADViewController.swift; sourceTree = "<group>"; };
		A869A24167764F841D67264B /* Pods-MRCBaseLibrary_Example.release.xcconfig */ = {isa = PBXFileReference; includeInIndex = 1; lastKnownFileType = text.xcconfig; name = "Pods-MRCBaseLibrary_Example.release.xcconfig"; path = "Pods/Target Support Files/Pods-MRCBaseLibrary_Example/Pods-MRCBaseLibrary_Example.release.xcconfig"; sourceTree = "<group>"; };
		D6CAC2206F9B0993105AF9EE /* LICENSE */ = {isa = PBXFileReference; includeInIndex = 1; lastKnownFileType = text; name = LICENSE; path = ../LICENSE; sourceTree = "<group>"; };
		D9F7760FBACC39AC94C2A7E2 /* Pods_MRCBaseLibrary_Tests.framework */ = {isa = PBXFileReference; explicitFileType = wrapper.framework; includeInIndex = 0; path = Pods_MRCBaseLibrary_Tests.framework; sourceTree = BUILT_PRODUCTS_DIR; };
		DEA282AE0E1A1712D715F7CE /* README.md */ = {isa = PBXFileReference; includeInIndex = 1; lastKnownFileType = net.daringfireball.markdown; name = README.md; path = ../README.md; sourceTree = "<group>"; };
		DEA4E7CFC920DE74613EA168 /* Pods-MRCBaseLibrary_Tests.debug.xcconfig */ = {isa = PBXFileReference; includeInIndex = 1; lastKnownFileType = text.xcconfig; name = "Pods-MRCBaseLibrary_Tests.debug.xcconfig"; path = "Pods/Target Support Files/Pods-MRCBaseLibrary_Tests/Pods-MRCBaseLibrary_Tests.debug.xcconfig"; sourceTree = "<group>"; };
/* End PBXFileReference section */

/* Begin PBXFrameworksBuildPhase section */
		607FACCD1AFB9204008FA782 /* Frameworks */ = {
			isa = PBXFrameworksBuildPhase;
			buildActionMask = 2147483647;
			files = (
				C6894FFE12980A360F5C2F34 /* Pods_MRCBaseLibrary_Example.framework in Frameworks */,
			);
			runOnlyForDeploymentPostprocessing = 0;
		};
		607FACE21AFB9204008FA782 /* Frameworks */ = {
			isa = PBXFrameworksBuildPhase;
			buildActionMask = 2147483647;
			files = (
				1E9452DAE139AF067317DEB1 /* Pods_MRCBaseLibrary_Tests.framework in Frameworks */,
			);
			runOnlyForDeploymentPostprocessing = 0;
		};
/* End PBXFrameworksBuildPhase section */

/* Begin PBXGroup section */
		607FACC71AFB9204008FA782 = {
			isa = PBXGroup;
			children = (
				607FACF51AFB993E008FA782 /* Podspec Metadata */,
				607FACD21AFB9204008FA782 /* Example for MRCBaseLibrary */,
				607FACE81AFB9204008FA782 /* Tests */,
				607FACD11AFB9204008FA782 /* Products */,
				6712681C297F5AA9F132130C /* Pods */,
				E7347DEE31C096AC4560A0A9 /* Frameworks */,
			);
			sourceTree = "<group>";
		};
		607FACD11AFB9204008FA782 /* Products */ = {
			isa = PBXGroup;
			children = (
				607FACD01AFB9204008FA782 /* MRCBaseLibrary_Example.app */,
				607FACE51AFB9204008FA782 /* MRCBaseLibrary_Tests.xctest */,
			);
			name = Products;
			sourceTree = "<group>";
		};
		607FACD21AFB9204008FA782 /* Example for MRCBaseLibrary */ = {
			isa = PBXGroup;
			children = (
				7A0B8EF41F15CF070044C7AA /* RecommendTableViewCell.swift */,
				7A0B8EF51F15CF070044C7AA /* RecommendTableViewCell.xib */,
				7A01C1761EE7D3C1002442E6 /* AppDelegate.swift */,
				7A01C1771EE7D3C1002442E6 /* ViewController.swift */,
				7AF802AE1EFB8B4600BE8AAF /* ADViewController.swift */,
				7AF802AC1EFB7EB600BE8AAF /* HomePageViewController.swift */,
				7ADA227D1EEFCA8300B5901A /* MediatorExtension.swift */,
				7A01C1781EE7D3C1002442E6 /* MyViewModel.swift */,
				7A01C1791EE7D3C1002442E6 /* MRCBaseWebViewExtension.swift */,
				7A01C17A1EE7D3C1002442E6 /* WebViewController.swift */,
				7A1391E51EE801F4006771DA /* CodeTableViewCell.swift */,
				7A1391E31EE801BB006771DA /* TestTableViewCell.swift */,
				7A01C17B1EE7D3C1002442E6 /* TableViewController.swift */,
				7ADA22841EEFCF0B00B5901A /* LoginViewController.swift */,
				7ADA22851EEFCF0B00B5901A /* LoginViewController.xib */,
				7A01C18E1EE7F652002442E6 /* 750x480@2x.png */,
				7A01C17D1EE7D3C1002442E6 /* TestTableViewCell.xib */,
				7A01C17E1EE7D3C1002442E6 /* MyViewController.swift */,
				7A01C17F1EE7D3C1002442E6 /* MyViewController.xib */,
				607FACDC1AFB9204008FA782 /* Images.xcassets */,
				607FACDE1AFB9204008FA782 /* LaunchScreen.xib */,
				607FACD31AFB9204008FA782 /* Supporting Files */,
				7A01C1751EE7D3C0002442E6 /* MRCBaseLibrary_Example-Bridging-Header.h */,
			);
			name = "Example for MRCBaseLibrary";
			path = MRCBaseLibrary;
			sourceTree = "<group>";
		};
		607FACD31AFB9204008FA782 /* Supporting Files */ = {
			isa = PBXGroup;
			children = (
				607FACD41AFB9204008FA782 /* Info.plist */,
			);
			name = "Supporting Files";
			sourceTree = "<group>";
		};
		607FACE81AFB9204008FA782 /* Tests */ = {
			isa = PBXGroup;
			children = (
				607FACEB1AFB9204008FA782 /* Tests.swift */,
				607FACE91AFB9204008FA782 /* Supporting Files */,
			);
			path = Tests;
			sourceTree = "<group>";
		};
		607FACE91AFB9204008FA782 /* Supporting Files */ = {
			isa = PBXGroup;
			children = (
				607FACEA1AFB9204008FA782 /* Info.plist */,
			);
			name = "Supporting Files";
			sourceTree = "<group>";
		};
		607FACF51AFB993E008FA782 /* Podspec Metadata */ = {
			isa = PBXGroup;
			children = (
				41871BEF0B67E78986308F2F /* MRCBaseLibrary.podspec */,
				DEA282AE0E1A1712D715F7CE /* README.md */,
				D6CAC2206F9B0993105AF9EE /* LICENSE */,
			);
			name = "Podspec Metadata";
			sourceTree = "<group>";
		};
		6712681C297F5AA9F132130C /* Pods */ = {
			isa = PBXGroup;
			children = (
				0BBB20B0DA33CDA2F4EA9D8A /* Pods-MRCBaseLibrary_Example.debug.xcconfig */,
				A869A24167764F841D67264B /* Pods-MRCBaseLibrary_Example.release.xcconfig */,
				DEA4E7CFC920DE74613EA168 /* Pods-MRCBaseLibrary_Tests.debug.xcconfig */,
				69460667ED4D9507AA3214B1 /* Pods-MRCBaseLibrary_Tests.release.xcconfig */,
			);
			name = Pods;
			sourceTree = "<group>";
		};
		E7347DEE31C096AC4560A0A9 /* Frameworks */ = {
			isa = PBXGroup;
			children = (
				4B8AFBAD5D384414FB94A1E2 /* Pods_MRCBaseLibrary_Example.framework */,
				D9F7760FBACC39AC94C2A7E2 /* Pods_MRCBaseLibrary_Tests.framework */,
			);
			name = Frameworks;
			sourceTree = "<group>";
		};
/* End PBXGroup section */

/* Begin PBXNativeTarget section */
		607FACCF1AFB9204008FA782 /* MRCBaseLibrary_Example */ = {
			isa = PBXNativeTarget;
			buildConfigurationList = 607FACEF1AFB9204008FA782 /* Build configuration list for PBXNativeTarget "MRCBaseLibrary_Example" */;
			buildPhases = (
				B0DFB13A8FBDDAF012C584F2 /* [CP] Check Pods Manifest.lock */,
				607FACCC1AFB9204008FA782 /* Sources */,
				607FACCD1AFB9204008FA782 /* Frameworks */,
				607FACCE1AFB9204008FA782 /* Resources */,
				1D8CBCEC956CD025AB1E4A9F /* [CP] Embed Pods Frameworks */,
				EE5996AAB47495F1A4F3DD2E /* [CP] Copy Pods Resources */,
			);
			buildRules = (
			);
			dependencies = (
			);
			name = MRCBaseLibrary_Example;
			productName = MRCBaseLibrary;
			productReference = 607FACD01AFB9204008FA782 /* MRCBaseLibrary_Example.app */;
			productType = "com.apple.product-type.application";
		};
		607FACE41AFB9204008FA782 /* MRCBaseLibrary_Tests */ = {
			isa = PBXNativeTarget;
			buildConfigurationList = 607FACF21AFB9204008FA782 /* Build configuration list for PBXNativeTarget "MRCBaseLibrary_Tests" */;
			buildPhases = (
				C2D24753FB13841537907D64 /* [CP] Check Pods Manifest.lock */,
				607FACE11AFB9204008FA782 /* Sources */,
				607FACE21AFB9204008FA782 /* Frameworks */,
				607FACE31AFB9204008FA782 /* Resources */,
				080994EF88F2423275EEC674 /* [CP] Embed Pods Frameworks */,
				83A648C8DEC2B692998D96AC /* [CP] Copy Pods Resources */,
			);
			buildRules = (
			);
			dependencies = (
				607FACE71AFB9204008FA782 /* PBXTargetDependency */,
			);
			name = MRCBaseLibrary_Tests;
			productName = Tests;
			productReference = 607FACE51AFB9204008FA782 /* MRCBaseLibrary_Tests.xctest */;
			productType = "com.apple.product-type.bundle.unit-test";
		};
/* End PBXNativeTarget section */

/* Begin PBXProject section */
		607FACC81AFB9204008FA782 /* Project object */ = {
			isa = PBXProject;
			attributes = {
				LastSwiftUpdateCheck = 0720;
				LastUpgradeCheck = 0820;
				ORGANIZATIONNAME = CocoaPods;
				TargetAttributes = {
					607FACCF1AFB9204008FA782 = {
						CreatedOnToolsVersion = 6.3.1;
						DevelopmentTeam = C2NS8M8CH7;
						LastSwiftMigration = 0830;
					};
					607FACE41AFB9204008FA782 = {
						CreatedOnToolsVersion = 6.3.1;
						LastSwiftMigration = 0820;
						TestTargetID = 607FACCF1AFB9204008FA782;
					};
				};
			};
			buildConfigurationList = 607FACCB1AFB9204008FA782 /* Build configuration list for PBXProject "MRCBaseLibrary" */;
			compatibilityVersion = "Xcode 3.2";
			developmentRegion = English;
			hasScannedForEncodings = 0;
			knownRegions = (
				en,
				Base,
			);
			mainGroup = 607FACC71AFB9204008FA782;
			productRefGroup = 607FACD11AFB9204008FA782 /* Products */;
			projectDirPath = "";
			projectRoot = "";
			targets = (
				607FACCF1AFB9204008FA782 /* MRCBaseLibrary_Example */,
				607FACE41AFB9204008FA782 /* MRCBaseLibrary_Tests */,
			);
		};
/* End PBXProject section */

/* Begin PBXResourcesBuildPhase section */
		607FACCE1AFB9204008FA782 /* Resources */ = {
			isa = PBXResourcesBuildPhase;
			buildActionMask = 2147483647;
			files = (
				7A01C18F1EE7F652002442E6 /* 750x480@2x.png in Resources */,
				7A01C1871EE7D3C1002442E6 /* TestTableViewCell.xib in Resources */,
				7ADA22871EEFCF0B00B5901A /* LoginViewController.xib in Resources */,
				607FACE01AFB9204008FA782 /* LaunchScreen.xib in Resources */,
				7A0B8EF71F15CF070044C7AA /* RecommendTableViewCell.xib in Resources */,
				7A01C1891EE7D3C1002442E6 /* MyViewController.xib in Resources */,
				607FACDD1AFB9204008FA782 /* Images.xcassets in Resources */,
			);
			runOnlyForDeploymentPostprocessing = 0;
		};
		607FACE31AFB9204008FA782 /* Resources */ = {
			isa = PBXResourcesBuildPhase;
			buildActionMask = 2147483647;
			files = (
			);
			runOnlyForDeploymentPostprocessing = 0;
		};
/* End PBXResourcesBuildPhase section */

/* Begin PBXShellScriptBuildPhase section */
		080994EF88F2423275EEC674 /* [CP] Embed Pods Frameworks */ = {
			isa = PBXShellScriptBuildPhase;
			buildActionMask = 2147483647;
			files = (
			);
			inputPaths = (
				"${SRCROOT}/Pods/Target Support Files/Pods-MRCBaseLibrary_Tests/Pods-MRCBaseLibrary_Tests-frameworks.sh",
				"${BUILT_PRODUCTS_DIR}/FBSnapshotTestCase/FBSnapshotTestCase.framework",
			);
			name = "[CP] Embed Pods Frameworks";
			outputPaths = (
				"${TARGET_BUILD_DIR}/${FRAMEWORKS_FOLDER_PATH}/FBSnapshotTestCase.framework",
			);
			runOnlyForDeploymentPostprocessing = 0;
			shellPath = /bin/sh;
			shellScript = "\"${SRCROOT}/Pods/Target Support Files/Pods-MRCBaseLibrary_Tests/Pods-MRCBaseLibrary_Tests-frameworks.sh\"\n";
			showEnvVarsInLog = 0;
		};
		1D8CBCEC956CD025AB1E4A9F /* [CP] Embed Pods Frameworks */ = {
			isa = PBXShellScriptBuildPhase;
			buildActionMask = 2147483647;
			files = (
			);
			inputPaths = (
				"${SRCROOT}/Pods/Target Support Files/Pods-MRCBaseLibrary_Example/Pods-MRCBaseLibrary_Example-frameworks.sh",
				"${BUILT_PRODUCTS_DIR}/AFNetworking/AFNetworking.framework",
				"${BUILT_PRODUCTS_DIR}/DZNEmptyDataSet/DZNEmptyDataSet.framework",
				"${BUILT_PRODUCTS_DIR}/MJRefresh/MJRefresh.framework",
				"${BUILT_PRODUCTS_DIR}/MRCBaseLibrary/MRCBaseLibrary.framework",
				"${BUILT_PRODUCTS_DIR}/NJKWebViewProgress/NJKWebViewProgress.framework",
				"${BUILT_PRODUCTS_DIR}/NSString+TBEncryption/NSString_TBEncryption.framework",
				"${BUILT_PRODUCTS_DIR}/Nimbus/Nimbus.framework",
				"${BUILT_PRODUCTS_DIR}/OLNetwork/OLNetwork.framework",
				"${BUILT_PRODUCTS_DIR}/RTRootNavigationController/RTRootNavigationController.framework",
				"${BUILT_PRODUCTS_DIR}/ReactiveCocoa/ReactiveCocoa.framework",
				"${BUILT_PRODUCTS_DIR}/ReactiveSwift/ReactiveSwift.framework",
				"${BUILT_PRODUCTS_DIR}/Result/Result.framework",
				"${BUILT_PRODUCTS_DIR}/SVProgressHUD/SVProgressHUD.framework",
				"${BUILT_PRODUCTS_DIR}/SwiftyJSON/SwiftyJSON.framework",
				"${BUILT_PRODUCTS_DIR}/UITableView+FDTemplateLayoutCell/UITableView_FDTemplateLayoutCell.framework",
				"${BUILT_PRODUCTS_DIR}/WebViewJavascriptBridge/WebViewJavascriptBridge.framework",
				"${BUILT_PRODUCTS_DIR}/YYKit/YYKit.framework",
			);
			name = "[CP] Embed Pods Frameworks";
			outputPaths = (
				"${TARGET_BUILD_DIR}/${FRAMEWORKS_FOLDER_PATH}/AFNetworking.framework",
				"${TARGET_BUILD_DIR}/${FRAMEWORKS_FOLDER_PATH}/DZNEmptyDataSet.framework",
				"${TARGET_BUILD_DIR}/${FRAMEWORKS_FOLDER_PATH}/MJRefresh.framework",
				"${TARGET_BUILD_DIR}/${FRAMEWORKS_FOLDER_PATH}/MRCBaseLibrary.framework",
				"${TARGET_BUILD_DIR}/${FRAMEWORKS_FOLDER_PATH}/NJKWebViewProgress.framework",
				"${TARGET_BUILD_DIR}/${FRAMEWORKS_FOLDER_PATH}/NSString_TBEncryption.framework",
				"${TARGET_BUILD_DIR}/${FRAMEWORKS_FOLDER_PATH}/Nimbus.framework",
				"${TARGET_BUILD_DIR}/${FRAMEWORKS_FOLDER_PATH}/OLNetwork.framework",
				"${TARGET_BUILD_DIR}/${FRAMEWORKS_FOLDER_PATH}/RTRootNavigationController.framework",
				"${TARGET_BUILD_DIR}/${FRAMEWORKS_FOLDER_PATH}/ReactiveCocoa.framework",
				"${TARGET_BUILD_DIR}/${FRAMEWORKS_FOLDER_PATH}/ReactiveSwift.framework",
				"${TARGET_BUILD_DIR}/${FRAMEWORKS_FOLDER_PATH}/Result.framework",
				"${TARGET_BUILD_DIR}/${FRAMEWORKS_FOLDER_PATH}/SVProgressHUD.framework",
				"${TARGET_BUILD_DIR}/${FRAMEWORKS_FOLDER_PATH}/SwiftyJSON.framework",
				"${TARGET_BUILD_DIR}/${FRAMEWORKS_FOLDER_PATH}/UITableView_FDTemplateLayoutCell.framework",
				"${TARGET_BUILD_DIR}/${FRAMEWORKS_FOLDER_PATH}/WebViewJavascriptBridge.framework",
				"${TARGET_BUILD_DIR}/${FRAMEWORKS_FOLDER_PATH}/YYKit.framework",
			);
			runOnlyForDeploymentPostprocessing = 0;
			shellPath = /bin/sh;
			shellScript = "\"${SRCROOT}/Pods/Target Support Files/Pods-MRCBaseLibrary_Example/Pods-MRCBaseLibrary_Example-frameworks.sh\"\n";
			showEnvVarsInLog = 0;
		};
		83A648C8DEC2B692998D96AC /* [CP] Copy Pods Resources */ = {
			isa = PBXShellScriptBuildPhase;
			buildActionMask = 2147483647;
			files = (
			);
			inputPaths = (
			);
			name = "[CP] Copy Pods Resources";
			outputPaths = (
			);
			runOnlyForDeploymentPostprocessing = 0;
			shellPath = /bin/sh;
			shellScript = "\"${SRCROOT}/Pods/Target Support Files/Pods-MRCBaseLibrary_Tests/Pods-MRCBaseLibrary_Tests-resources.sh\"\n";
			showEnvVarsInLog = 0;
		};
		B0DFB13A8FBDDAF012C584F2 /* [CP] Check Pods Manifest.lock */ = {
			isa = PBXShellScriptBuildPhase;
			buildActionMask = 2147483647;
			files = (
			);
			inputPaths = (
				"${PODS_PODFILE_DIR_PATH}/Podfile.lock",
				"${PODS_ROOT}/Manifest.lock",
			);
			name = "[CP] Check Pods Manifest.lock";
			outputPaths = (
				"$(DERIVED_FILE_DIR)/Pods-MRCBaseLibrary_Example-checkManifestLockResult.txt",
			);
			runOnlyForDeploymentPostprocessing = 0;
			shellPath = /bin/sh;
			shellScript = "diff \"${PODS_PODFILE_DIR_PATH}/Podfile.lock\" \"${PODS_ROOT}/Manifest.lock\" > /dev/null\nif [ $? != 0 ] ; then\n    # print error to STDERR\n    echo \"error: The sandbox is not in sync with the Podfile.lock. Run 'pod install' or update your CocoaPods installation.\" >&2\n    exit 1\nfi\n# This output is used by Xcode 'outputs' to avoid re-running this script phase.\necho \"SUCCESS\" > \"${SCRIPT_OUTPUT_FILE_0}\"\n";
			showEnvVarsInLog = 0;
		};
		C2D24753FB13841537907D64 /* [CP] Check Pods Manifest.lock */ = {
			isa = PBXShellScriptBuildPhase;
			buildActionMask = 2147483647;
			files = (
			);
			inputPaths = (
				"${PODS_PODFILE_DIR_PATH}/Podfile.lock",
				"${PODS_ROOT}/Manifest.lock",
			);
			name = "[CP] Check Pods Manifest.lock";
			outputPaths = (
				"$(DERIVED_FILE_DIR)/Pods-MRCBaseLibrary_Tests-checkManifestLockResult.txt",
			);
			runOnlyForDeploymentPostprocessing = 0;
			shellPath = /bin/sh;
			shellScript = "diff \"${PODS_PODFILE_DIR_PATH}/Podfile.lock\" \"${PODS_ROOT}/Manifest.lock\" > /dev/null\nif [ $? != 0 ] ; then\n    # print error to STDERR\n    echo \"error: The sandbox is not in sync with the Podfile.lock. Run 'pod install' or update your CocoaPods installation.\" >&2\n    exit 1\nfi\n# This output is used by Xcode 'outputs' to avoid re-running this script phase.\necho \"SUCCESS\" > \"${SCRIPT_OUTPUT_FILE_0}\"\n";
			showEnvVarsInLog = 0;
		};
		EE5996AAB47495F1A4F3DD2E /* [CP] Copy Pods Resources */ = {
			isa = PBXShellScriptBuildPhase;
			buildActionMask = 2147483647;
			files = (
			);
			inputPaths = (
			);
			name = "[CP] Copy Pods Resources";
			outputPaths = (
			);
			runOnlyForDeploymentPostprocessing = 0;
			shellPath = /bin/sh;
			shellScript = "\"${SRCROOT}/Pods/Target Support Files/Pods-MRCBaseLibrary_Example/Pods-MRCBaseLibrary_Example-resources.sh\"\n";
			showEnvVarsInLog = 0;
		};
/* End PBXShellScriptBuildPhase section */

/* Begin PBXSourcesBuildPhase section */
		607FACCC1AFB9204008FA782 /* Sources */ = {
			isa = PBXSourcesBuildPhase;
			buildActionMask = 2147483647;
			files = (
				7A01C1811EE7D3C1002442E6 /* ViewController.swift in Sources */,
				7A01C1851EE7D3C1002442E6 /* TableViewController.swift in Sources */,
				7ADA227E1EEFCA8300B5901A /* MediatorExtension.swift in Sources */,
				7A01C1801EE7D3C1002442E6 /* AppDelegate.swift in Sources */,
				7AF802B01EFB8B4600BE8AAF /* ADViewController.swift in Sources */,
				7A1391E61EE801F4006771DA /* CodeTableViewCell.swift in Sources */,
				7A01C1821EE7D3C1002442E6 /* MyViewModel.swift in Sources */,
				7A01C1841EE7D3C1002442E6 /* WebViewController.swift in Sources */,
				7A0B8EF61F15CF070044C7AA /* RecommendTableViewCell.swift in Sources */,
				7A1391E41EE801BB006771DA /* TestTableViewCell.swift in Sources */,
				7AF802AD1EFB7EB600BE8AAF /* HomePageViewController.swift in Sources */,
				7A01C1881EE7D3C1002442E6 /* MyViewController.swift in Sources */,
				7A01C1831EE7D3C1002442E6 /* MRCBaseWebViewExtension.swift in Sources */,
				7ADA22861EEFCF0B00B5901A /* LoginViewController.swift in Sources */,
			);
			runOnlyForDeploymentPostprocessing = 0;
		};
		607FACE11AFB9204008FA782 /* Sources */ = {
			isa = PBXSourcesBuildPhase;
			buildActionMask = 2147483647;
			files = (
				607FACEC1AFB9204008FA782 /* Tests.swift in Sources */,
			);
			runOnlyForDeploymentPostprocessing = 0;
		};
/* End PBXSourcesBuildPhase section */

/* Begin PBXTargetDependency section */
		607FACE71AFB9204008FA782 /* PBXTargetDependency */ = {
			isa = PBXTargetDependency;
			target = 607FACCF1AFB9204008FA782 /* MRCBaseLibrary_Example */;
			targetProxy = 607FACE61AFB9204008FA782 /* PBXContainerItemProxy */;
		};
/* End PBXTargetDependency section */

/* Begin PBXVariantGroup section */
		607FACDE1AFB9204008FA782 /* LaunchScreen.xib */ = {
			isa = PBXVariantGroup;
			children = (
				607FACDF1AFB9204008FA782 /* Base */,
			);
			name = LaunchScreen.xib;
			sourceTree = "<group>";
		};
/* End PBXVariantGroup section */

/* Begin XCBuildConfiguration section */
		607FACED1AFB9204008FA782 /* Debug */ = {
			isa = XCBuildConfiguration;
			buildSettings = {
				ALWAYS_SEARCH_USER_PATHS = NO;
				CLANG_CXX_LANGUAGE_STANDARD = "gnu++0x";
				CLANG_CXX_LIBRARY = "libc++";
				CLANG_ENABLE_MODULES = YES;
				CLANG_ENABLE_OBJC_ARC = YES;
				CLANG_WARN_BOOL_CONVERSION = YES;
				CLANG_WARN_CONSTANT_CONVERSION = YES;
				CLANG_WARN_DIRECT_OBJC_ISA_USAGE = YES_ERROR;
				CLANG_WARN_EMPTY_BODY = YES;
				CLANG_WARN_ENUM_CONVERSION = YES;
				CLANG_WARN_INFINITE_RECURSION = YES;
				CLANG_WARN_INT_CONVERSION = YES;
				CLANG_WARN_OBJC_ROOT_CLASS = YES_ERROR;
				CLANG_WARN_SUSPICIOUS_MOVE = YES;
				CLANG_WARN_UNREACHABLE_CODE = YES;
				CLANG_WARN__DUPLICATE_METHOD_MATCH = YES;
				"CODE_SIGN_IDENTITY[sdk=iphoneos*]" = "iPhone Developer";
				COPY_PHASE_STRIP = NO;
				DEBUG_INFORMATION_FORMAT = "dwarf-with-dsym";
				ENABLE_STRICT_OBJC_MSGSEND = YES;
				ENABLE_TESTABILITY = YES;
				GCC_C_LANGUAGE_STANDARD = gnu99;
				GCC_DYNAMIC_NO_PIC = NO;
				GCC_NO_COMMON_BLOCKS = YES;
				GCC_OPTIMIZATION_LEVEL = 0;
				GCC_PREPROCESSOR_DEFINITIONS = (
					"DEBUG=1",
					"$(inherited)",
				);
				GCC_SYMBOLS_PRIVATE_EXTERN = NO;
				GCC_WARN_64_TO_32_BIT_CONVERSION = YES;
				GCC_WARN_ABOUT_RETURN_TYPE = YES_ERROR;
				GCC_WARN_UNDECLARED_SELECTOR = YES;
				GCC_WARN_UNINITIALIZED_AUTOS = YES_AGGRESSIVE;
				GCC_WARN_UNUSED_FUNCTION = YES;
				GCC_WARN_UNUSED_VARIABLE = YES;
				IPHONEOS_DEPLOYMENT_TARGET = 8.3;
				MTL_ENABLE_DEBUG_INFO = YES;
				ONLY_ACTIVE_ARCH = YES;
				SDKROOT = iphoneos;
				SWIFT_OPTIMIZATION_LEVEL = "-Onone";
			};
			name = Debug;
		};
		607FACEE1AFB9204008FA782 /* Release */ = {
			isa = XCBuildConfiguration;
			buildSettings = {
				ALWAYS_SEARCH_USER_PATHS = NO;
				CLANG_CXX_LANGUAGE_STANDARD = "gnu++0x";
				CLANG_CXX_LIBRARY = "libc++";
				CLANG_ENABLE_MODULES = YES;
				CLANG_ENABLE_OBJC_ARC = YES;
				CLANG_WARN_BOOL_CONVERSION = YES;
				CLANG_WARN_CONSTANT_CONVERSION = YES;
				CLANG_WARN_DIRECT_OBJC_ISA_USAGE = YES_ERROR;
				CLANG_WARN_EMPTY_BODY = YES;
				CLANG_WARN_ENUM_CONVERSION = YES;
				CLANG_WARN_INFINITE_RECURSION = YES;
				CLANG_WARN_INT_CONVERSION = YES;
				CLANG_WARN_OBJC_ROOT_CLASS = YES_ERROR;
				CLANG_WARN_SUSPICIOUS_MOVE = YES;
				CLANG_WARN_UNREACHABLE_CODE = YES;
				CLANG_WARN__DUPLICATE_METHOD_MATCH = YES;
				"CODE_SIGN_IDENTITY[sdk=iphoneos*]" = "iPhone Developer";
				COPY_PHASE_STRIP = NO;
				DEBUG_INFORMATION_FORMAT = "dwarf-with-dsym";
				ENABLE_NS_ASSERTIONS = NO;
				ENABLE_STRICT_OBJC_MSGSEND = YES;
				GCC_C_LANGUAGE_STANDARD = gnu99;
				GCC_NO_COMMON_BLOCKS = YES;
				GCC_WARN_64_TO_32_BIT_CONVERSION = YES;
				GCC_WARN_ABOUT_RETURN_TYPE = YES_ERROR;
				GCC_WARN_UNDECLARED_SELECTOR = YES;
				GCC_WARN_UNINITIALIZED_AUTOS = YES_AGGRESSIVE;
				GCC_WARN_UNUSED_FUNCTION = YES;
				GCC_WARN_UNUSED_VARIABLE = YES;
				IPHONEOS_DEPLOYMENT_TARGET = 8.3;
				MTL_ENABLE_DEBUG_INFO = NO;
				SDKROOT = iphoneos;
				SWIFT_OPTIMIZATION_LEVEL = "-Owholemodule";
				VALIDATE_PRODUCT = YES;
			};
			name = Release;
		};
		607FACF01AFB9204008FA782 /* Debug */ = {
			isa = XCBuildConfiguration;
			baseConfigurationReference = 0BBB20B0DA33CDA2F4EA9D8A /* Pods-MRCBaseLibrary_Example.debug.xcconfig */;
			buildSettings = {
				ASSETCATALOG_COMPILER_APPICON_NAME = AppIcon;
				CLANG_ENABLE_MODULES = YES;
				DEVELOPMENT_TEAM = C2NS8M8CH7;
				INFOPLIST_FILE = MRCBaseLibrary/Info.plist;
				LD_RUNPATH_SEARCH_PATHS = "$(inherited) @executable_path/Frameworks";
				MODULE_NAME = ExampleApp;
				PRODUCT_BUNDLE_IDENTIFIER = "org.cocoapods.demo.$(PRODUCT_NAME:rfc1034identifier)";
				PRODUCT_NAME = "$(TARGET_NAME)";
				SWIFT_OBJC_BRIDGING_HEADER = "MRCBaseLibrary/MRCBaseLibrary_Example-Bridging-Header.h";
				SWIFT_OPTIMIZATION_LEVEL = "-Onone";
				SWIFT_VERSION = 3.0;
			};
			name = Debug;
		};
		607FACF11AFB9204008FA782 /* Release */ = {
			isa = XCBuildConfiguration;
			baseConfigurationReference = A869A24167764F841D67264B /* Pods-MRCBaseLibrary_Example.release.xcconfig */;
			buildSettings = {
				ASSETCATALOG_COMPILER_APPICON_NAME = AppIcon;
				CLANG_ENABLE_MODULES = YES;
				DEVELOPMENT_TEAM = C2NS8M8CH7;
				INFOPLIST_FILE = MRCBaseLibrary/Info.plist;
				LD_RUNPATH_SEARCH_PATHS = "$(inherited) @executable_path/Frameworks";
				MODULE_NAME = ExampleApp;
				PRODUCT_BUNDLE_IDENTIFIER = "org.cocoapods.demo.$(PRODUCT_NAME:rfc1034identifier)";
				PRODUCT_NAME = "$(TARGET_NAME)";
				SWIFT_OBJC_BRIDGING_HEADER = "MRCBaseLibrary/MRCBaseLibrary_Example-Bridging-Header.h";
				SWIFT_VERSION = 3.0;
			};
			name = Release;
		};
		607FACF31AFB9204008FA782 /* Debug */ = {
			isa = XCBuildConfiguration;
			baseConfigurationReference = DEA4E7CFC920DE74613EA168 /* Pods-MRCBaseLibrary_Tests.debug.xcconfig */;
			buildSettings = {
				ALWAYS_EMBED_SWIFT_STANDARD_LIBRARIES = YES;
				FRAMEWORK_SEARCH_PATHS = (
					"$(SDKROOT)/Developer/Library/Frameworks",
					"$(inherited)",
				);
				GCC_PREPROCESSOR_DEFINITIONS = (
					"DEBUG=1",
					"$(inherited)",
				);
				INFOPLIST_FILE = Tests/Info.plist;
				LD_RUNPATH_SEARCH_PATHS = "$(inherited) @executable_path/Frameworks @loader_path/Frameworks";
				PRODUCT_BUNDLE_IDENTIFIER = "org.cocoapods.$(PRODUCT_NAME:rfc1034identifier)";
				PRODUCT_NAME = "$(TARGET_NAME)";
				SWIFT_VERSION = 3.0;
			};
			name = Debug;
		};
		607FACF41AFB9204008FA782 /* Release */ = {
			isa = XCBuildConfiguration;
			baseConfigurationReference = 69460667ED4D9507AA3214B1 /* Pods-MRCBaseLibrary_Tests.release.xcconfig */;
			buildSettings = {
				ALWAYS_EMBED_SWIFT_STANDARD_LIBRARIES = YES;
				FRAMEWORK_SEARCH_PATHS = (
					"$(SDKROOT)/Developer/Library/Frameworks",
					"$(inherited)",
				);
				INFOPLIST_FILE = Tests/Info.plist;
				LD_RUNPATH_SEARCH_PATHS = "$(inherited) @executable_path/Frameworks @loader_path/Frameworks";
				PRODUCT_BUNDLE_IDENTIFIER = "org.cocoapods.$(PRODUCT_NAME:rfc1034identifier)";
				PRODUCT_NAME = "$(TARGET_NAME)";
				SWIFT_VERSION = 3.0;
			};
			name = Release;
		};
/* End XCBuildConfiguration section */

/* Begin XCConfigurationList section */
		607FACCB1AFB9204008FA782 /* Build configuration list for PBXProject "MRCBaseLibrary" */ = {
			isa = XCConfigurationList;
			buildConfigurations = (
				607FACED1AFB9204008FA782 /* Debug */,
				607FACEE1AFB9204008FA782 /* Release */,
			);
			defaultConfigurationIsVisible = 0;
			defaultConfigurationName = Release;
		};
		607FACEF1AFB9204008FA782 /* Build configuration list for PBXNativeTarget "MRCBaseLibrary_Example" */ = {
			isa = XCConfigurationList;
			buildConfigurations = (
				607FACF01AFB9204008FA782 /* Debug */,
				607FACF11AFB9204008FA782 /* Release */,
			);
			defaultConfigurationIsVisible = 0;
			defaultConfigurationName = Release;
		};
		607FACF21AFB9204008FA782 /* Build configuration list for PBXNativeTarget "MRCBaseLibrary_Tests" */ = {
			isa = XCConfigurationList;
			buildConfigurations = (
				607FACF31AFB9204008FA782 /* Debug */,
				607FACF41AFB9204008FA782 /* Release */,
			);
			defaultConfigurationIsVisible = 0;
			defaultConfigurationName = Release;
		};
/* End XCConfigurationList section */
	};
	rootObject = 607FACC81AFB9204008FA782 /* Project object */;
}
